
Microsoft Visual Studio Solution File, Format Version 12.00
# Visual Studio Version 17
VisualStudioVersion = 17.9.34701.34
MinimumVisualStudioVersion = 10.0.40219.1
Project("{FAE04EC0-301F-11D3-BF4B-00C04F79EFBC}") = "To_do IDO", "To_do IDO\To_do IDO.csproj", "{0F29F8CA-377C-4A3D-A1BC-BE2F777A2BBB}"
EndProject
Global
	GlobalSection(SolutionConfigurationPlatforms) = preSolution
		Debug|Any CPU = Debug|Any CPU
		Release|Any CPU = Release|Any CPU
	EndGlobalSection
	GlobalSection(ProjectConfigurationPlatforms) = postSolution
		{0F29F8CA-377C-4A3D-A1BC-BE2F777A2BBB}.Debug|Any CPU.ActiveCfg = Debug|Any CPU
		{0F29F8CA-377C-4A3D-A1BC-BE2F777A2BBB}.Debug|Any CPU.Build.0 = Debug|Any CPU
		{0F29F8CA-377C-4A3D-A1BC-BE2F777A2BBB}.Release|Any CPU.ActiveCfg = Release|Any CPU
		{0F29F8CA-377C-4A3D-A1BC-BE2F777A2BBB}.Release|Any CPU.Build.0 = Release|Any CPU
	EndGlobalSection
	GlobalSection(SolutionProperties) = preSolution
		HideSolutionNode = FALSE
	EndGlobalSection
	GlobalSection(ExtensibilityGlobals) = postSolution
		SolutionGuid = {89056B37-CE87-4A00-B9FA-30758125783A}
	EndGlobalSection
EndGlobal
